
Microsoft Visual Studio Solution File, Format Version 12.00
# Visual Studio Version 17
VisualStudioVersion = 17.14.36401.2 d17.14
MinimumVisualStudioVersion = 10.0.40219.1
Project("{FAE04EC0-301F-11D3-BF4B-00C04F79EFBC}") = "WebApi", "week2\WebApi.csproj", "{C0EC12BB-BC6F-41E1-8E58-CC5E7DB68CF7}"
EndProject
Global
	GlobalSection(SolutionConfigurationPlatforms) = preSolution
		Debug|Any CPU = Debug|Any CPU
		Release|Any CPU = Release|Any CPU
	EndGlobalSection
	GlobalSection(ProjectConfigurationPlatforms) = postSolution
		{C0EC12BB-BC6F-41E1-8E58-CC5E7DB68CF7}.Debug|Any CPU.ActiveCfg = Debug|Any CPU
		{C0EC12BB-BC6F-41E1-8E58-CC5E7DB68CF7}.Debug|Any CPU.Build.0 = Debug|Any CPU
		{C0EC12BB-BC6F-41E1-8E58-CC5E7DB68CF7}.Release|Any CPU.ActiveCfg = Release|Any CPU
		{C0EC12BB-BC6F-41E1-8E58-CC5E7DB68CF7}.Release|Any CPU.Build.0 = Release|Any CPU
	EndGlobalSection
	GlobalSection(SolutionProperties) = preSolution
		HideSolutionNode = FALSE
	EndGlobalSection
	GlobalSection(ExtensibilityGlobals) = postSolution
		SolutionGuid = {E1F36139-23B6-42C8-BC05-2873EA4D1771}
	EndGlobalSection
EndGlobal
