
Microsoft Visual Studio Solution File, Format Version 12.00
# Visual Studio Version 17
VisualStudioVersion = 17.14.36511.14 d17.14
MinimumVisualStudioVersion = 10.0.40219.1
Project("{FAE04EC0-301F-11D3-BF4B-00C04F79EFBC}") = "bacics of implementation", "bacics of implementation\bacics of implementation.csproj", "{2FC11C36-08F8-4794-B63C-F5ACDAD1F129}"
EndProject
Global
	GlobalSection(SolutionConfigurationPlatforms) = preSolution
		Debug|Any CPU = Debug|Any CPU
		Release|Any CPU = Release|Any CPU
	EndGlobalSection
	GlobalSection(ProjectConfigurationPlatforms) = postSolution
		{2FC11C36-08F8-4794-B63C-F5ACDAD1F129}.Debug|Any CPU.ActiveCfg = Debug|Any CPU
		{2FC11C36-08F8-4794-B63C-F5ACDAD1F129}.Debug|Any CPU.Build.0 = Debug|Any CPU
		{2FC11C36-08F8-4794-B63C-F5ACDAD1F129}.Release|Any CPU.ActiveCfg = Release|Any CPU
		{2FC11C36-08F8-4794-B63C-F5ACDAD1F129}.Release|Any CPU.Build.0 = Release|Any CPU
	EndGlobalSection
	GlobalSection(SolutionProperties) = preSolution
		HideSolutionNode = FALSE
	EndGlobalSection
	GlobalSection(ExtensibilityGlobals) = postSolution
		SolutionGuid = {74EF9A26-BCF1-4FA7-B06B-449F0589B6ED}
	EndGlobalSection
EndGlobal
