
Microsoft Visual Studio Solution File, Format Version 12.00
# Visual Studio Version 17
VisualStudioVersion = 17.14.36511.14 d17.14
MinimumVisualStudioVersion = 10.0.40219.1
Project("{FAE04EC0-301F-11D3-BF4B-00C04F79EFBC}") = "Sales Management API", "Sales Management API\Sales Management API.csproj", "{5E29EA68-0085-4E6D-87F9-3ABD3F1968CE}"
EndProject
Global
	GlobalSection(SolutionConfigurationPlatforms) = preSolution
		Debug|Any CPU = Debug|Any CPU
		Release|Any CPU = Release|Any CPU
	EndGlobalSection
	GlobalSection(ProjectConfigurationPlatforms) = postSolution
		{5E29EA68-0085-4E6D-87F9-3ABD3F1968CE}.Debug|Any CPU.ActiveCfg = Debug|Any CPU
		{5E29EA68-0085-4E6D-87F9-3ABD3F1968CE}.Debug|Any CPU.Build.0 = Debug|Any CPU
		{5E29EA68-0085-4E6D-87F9-3ABD3F1968CE}.Release|Any CPU.ActiveCfg = Release|Any CPU
		{5E29EA68-0085-4E6D-87F9-3ABD3F1968CE}.Release|Any CPU.Build.0 = Release|Any CPU
	EndGlobalSection
	GlobalSection(SolutionProperties) = preSolution
		HideSolutionNode = FALSE
	EndGlobalSection
	GlobalSection(ExtensibilityGlobals) = postSolution
		SolutionGuid = {B495CA0A-F07B-4B59-94DB-9517888FE0DC}
	EndGlobalSection
EndGlobal
